
Microsoft Visual Studio Solution File, Format Version 12.00
# Visual Studio Version 17
VisualStudioVersion = 17.0.32002.185
MinimumVisualStudioVersion = 10.0.40219.1
Project("{FAE04EC0-301F-11D3-BF4B-00C04F79EFBC}") = "ExcecoesPersonalizadas", "ExcecoesPersonalizadas.csproj", "{CD87E181-373F-41E2-8EB6-A13DA6F8E475}"
EndProject
Global
	GlobalSection(SolutionConfigurationPlatforms) = preSolution
		Debug|Any CPU = Debug|Any CPU
		Release|Any CPU = Release|Any CPU
	EndGlobalSection
	GlobalSection(ProjectConfigurationPlatforms) = postSolution
		{CD87E181-373F-41E2-8EB6-A13DA6F8E475}.Debug|Any CPU.ActiveCfg = Debug|Any CPU
		{CD87E181-373F-41E2-8EB6-A13DA6F8E475}.Debug|Any CPU.Build.0 = Debug|Any CPU
		{CD87E181-373F-41E2-8EB6-A13DA6F8E475}.Release|Any CPU.ActiveCfg = Release|Any CPU
		{CD87E181-373F-41E2-8EB6-A13DA6F8E475}.Release|Any CPU.Build.0 = Release|Any CPU
	EndGlobalSection
	GlobalSection(SolutionProperties) = preSolution
		HideSolutionNode = FALSE
	EndGlobalSection
	GlobalSection(ExtensibilityGlobals) = postSolution
		SolutionGuid = {1167259C-A5FD-4D90-997F-7DAB0BC55264}
	EndGlobalSection
EndGlobal
